
Microsoft Visual Studio Solution File, Format Version 12.00
# Visual Studio 15
VisualStudioVersion = 15.0.28307.421
MinimumVisualStudioVersion = 10.0.40219.1
Project("{9A19103F-16F7-4668-BE54-9A1E7A4F7556}") = "OwaspDemo.Injection", "OwaspDemo.Injection\OwaspDemo.Injection.csproj", "{05715A6A-D016-45A9-BBDB-FFCDD8B0FC8E}"
EndProject
Project("{9A19103F-16F7-4668-BE54-9A1E7A4F7556}") = "OwaspModel", "OwaspModel\OwaspModel.csproj", "{C801489F-0B7B-4421-8784-4056720F6029}"
EndProject
Global
	GlobalSection(SolutionConfigurationPlatforms) = preSolution
		Debug|Any CPU = Debug|Any CPU
		Release|Any CPU = Release|Any CPU
	EndGlobalSection
	GlobalSection(ProjectConfigurationPlatforms) = postSolution
		{05715A6A-D016-45A9-BBDB-FFCDD8B0FC8E}.Debug|Any CPU.ActiveCfg = Debug|Any CPU
		{05715A6A-D016-45A9-BBDB-FFCDD8B0FC8E}.Debug|Any CPU.Build.0 = Debug|Any CPU
		{05715A6A-D016-45A9-BBDB-FFCDD8B0FC8E}.Release|Any CPU.ActiveCfg = Release|Any CPU
		{05715A6A-D016-45A9-BBDB-FFCDD8B0FC8E}.Release|Any CPU.Build.0 = Release|Any CPU
		{C801489F-0B7B-4421-8784-4056720F6029}.Debug|Any CPU.ActiveCfg = Debug|Any CPU
		{C801489F-0B7B-4421-8784-4056720F6029}.Debug|Any CPU.Build.0 = Debug|Any CPU
		{C801489F-0B7B-4421-8784-4056720F6029}.Release|Any CPU.ActiveCfg = Release|Any CPU
		{C801489F-0B7B-4421-8784-4056720F6029}.Release|Any CPU.Build.0 = Release|Any CPU
	EndGlobalSection
	GlobalSection(SolutionProperties) = preSolution
		HideSolutionNode = FALSE
	EndGlobalSection
	GlobalSection(ExtensibilityGlobals) = postSolution
		SolutionGuid = {5FDD5387-CB93-4753-B480-5C9A4E9143A3}
	EndGlobalSection
EndGlobal
